codeberg.org/aao-fyi/project-logos v0.0.0-20250515073700-2c4b94b645a4 h1:osK4D9mtNvU5mzJIIQXjOmJpCm0vo8J+20awLfpWOVI=
codeberg.org/aao-fyi/project-logos v0.0.0-20250515073700-2c4b94b645a4/go.mod h1:fLjIZpOviK0Pih2a3AdHYqsBib5m5TWjqSrlkkTreys=
codeberg.org/aao-fyi/shock v0.0.0-20250607192021-632895a1e827 h1:wu2bHbZeNTzA4ucyuRWaTvjHuI+fBi3UvJVvBxbObo0=
codeberg.org/aao-fyi/shock v0.0.0-20250607192021-632895a1e827/go.mod h1:SKItje4kOdoJwvLL7Ho1HMDdBYrEOU3jrJVK4vybB/g=
github.com/at-import/Sassy-math v1.5.1 h1:LH+V6hcxiQ3beLITKflPCV+en4QjYd3p0lMOK+tgU2s=
github.com/at-import/Sassy-math v1.5.1/go.mod h1:U/7q1mx4LV91V0qnIrTg/CafKJyD4jC5OOXDmr8X+Ds=
